
Microsoft Visual Studio Solution File, Format Version 12.00
# Visual Studio 15
VisualStudioVersion = 15.0.27130.2010
MinimumVisualStudioVersion = 10.0.40219.1
Project("{FAE04EC0-301F-11D3-BF4B-00C04F79EFBC}") = "Il2CppDumper", "Il2CppDumper\Il2CppDumper.csproj", "{379715D4-4B7B-41F2-B78A-8B18D86320E2}"
EndProject
Global
	GlobalSection(SolutionConfigurationPlatforms) = preSolution
		Debug|Any CPU = Debug|Any CPU
		Release|Any CPU = Release|Any CPU
	EndGlobalSection
	GlobalSection(ProjectConfigurationPlatforms) = postSolution
		{379715D4-4B7B-41F2-B78A-8B18D86320E2}.Debug|Any CPU.ActiveCfg = Debug|Any CPU
		{379715D4-4B7B-41F2-B78A-8B18D86320E2}.Debug|Any CPU.Build.0 = Debug|Any CPU
		{379715D4-4B7B-41F2-B78A-8B18D86320E2}.Release|Any CPU.ActiveCfg = Release|Any CPU
		{379715D4-4B7B-41F2-B78A-8B18D86320E2}.Release|Any CPU.Build.0 = Release|Any CPU
	EndGlobalSection
	GlobalSection(SolutionProperties) = preSolution
		HideSolutionNode = FALSE
	EndGlobalSection
EndGlobal
