
Microsoft Visual Studio Solution File, Format Version 12.00
# Visual Studio Version 17
VisualStudioVersion = 17.1.32228.430
MinimumVisualStudioVersion = 10.0.40219.1
Project("{9A19103F-16F7-4668-BE54-9A1E7A4F7556}") = "Il2CppDumper", "Il2CppDumper\Il2CppDumper.csproj", "{2087F99A-A655-41C1-84BB-54798AEA4080}"
EndProject
Global
	GlobalSection(SolutionConfigurationPlatforms) = preSolution
		Debug|Any CPU = Debug|Any CPU
		Release|Any CPU = Release|Any CPU
	EndGlobalSection
	GlobalSection(ProjectConfigurationPlatforms) = postSolution
		{2087F99A-A655-41C1-84BB-54798AEA4080}.Debug|Any CPU.ActiveCfg = Debug|Any CPU
		{2087F99A-A655-41C1-84BB-54798AEA4080}.Debug|Any CPU.Build.0 = Debug|Any CPU
		{2087F99A-A655-41C1-84BB-54798AEA4080}.Release|Any CPU.ActiveCfg = Release|Any CPU
		{2087F99A-A655-41C1-84BB-54798AEA4080}.Release|Any CPU.Build.0 = Release|Any CPU
	EndGlobalSection
	GlobalSection(SolutionProperties) = preSolution
		HideSolutionNode = FALSE
	EndGlobalSection
	GlobalSection(ExtensibilityGlobals) = postSolution
		SolutionGuid = {E570C2EE-9A67-4FA2-A564-FB23AD4800C9}
	EndGlobalSection
EndGlobal
