
Microsoft Visual Studio Solution File, Format Version 12.00
Project("{FAE04EC0-301F-11D3-BF4B-00C04F79EFBC}") = "Il2CppDumper", "Il2CppDumper\Il2CppDumper.csproj", "{C51FCA7F-D396-4DAA-90C4-DF3483E86D23}"
EndProject
Global
	GlobalSection(SolutionConfigurationPlatforms) = preSolution
		Debug|Any CPU = Debug|Any CPU
		Release|Any CPU = Release|Any CPU
	EndGlobalSection
	GlobalSection(ProjectConfigurationPlatforms) = postSolution
		{C51FCA7F-D396-4DAA-90C4-DF3483E86D23}.Debug|Any CPU.ActiveCfg = Debug|Any CPU
		{C51FCA7F-D396-4DAA-90C4-DF3483E86D23}.Debug|Any CPU.Build.0 = Debug|Any CPU
		{C51FCA7F-D396-4DAA-90C4-DF3483E86D23}.Release|Any CPU.ActiveCfg = Release|Any CPU
		{C51FCA7F-D396-4DAA-90C4-DF3483E86D23}.Release|Any CPU.Build.0 = Release|Any CPU
	EndGlobalSection
EndGlobal
